{
	"name": "tki-qrcode",
	"version": "0.1.6",
	"lockfileVersion": 3,
	"requires": true,
	"packages": {
		"": {
			"name": "tki-qrcode",
			"version": "0.1.6",
			"license": "MIT",
			"dependencies": {
				"js-base64": "^2.5.1",
				"protobufjs": "^6.10.1",
				"vuex-persistedstate": "^2.7.0"
			},
			"devDependencies": {
				"crypto-js": "^3.1.9-1",
				"js-md5": "^0.7.3"
			}
		},
		"node_modules/@babel/parser": {
			"version": "7.22.4",
			"resolved": "https://registry.npmjs.org/@babel/parser/-/parser-7.22.4.tgz",
			"integrity": "sha512-VLLsx06XkEYqBtE5YGPwfSGwfrjnyPP5oiGty3S8pQLFDFLaS8VwWSIxkTXpcvr5zeYLE6+MBNl2npl/YnfofA==",
			"peer": true,
			"bin": {
				"parser": "bin/babel-parser.js"
			},
			"engines": {
				"node": ">=6.0.0"
			}
		},
		"node_modules/@protobufjs/aspromise": {
			"version": "1.1.2",
			"resolved": "https://registry.npmjs.org/@protobufjs/aspromise/-/aspromise-1.1.2.tgz",
			"integrity": "sha1-m4sMxmPWaafY9vXQiToU00jzD78="
		},
		"node_modules/@protobufjs/base64": {
			"version": "1.1.2",
			"resolved": "https://registry.npmjs.org/@protobufjs/base64/-/base64-1.1.2.tgz",
			"integrity": "sha512-AZkcAA5vnN/v4PDqKyMR5lx7hZttPDgClv83E//FMNhR2TMcLUhfRUBHCmSl0oi9zMgDDqRUJkSxO3wm85+XLg=="
		},
		"node_modules/@protobufjs/codegen": {
			"version": "2.0.4",
			"resolved": "https://registry.npmjs.org/@protobufjs/codegen/-/codegen-2.0.4.tgz",
			"integrity": "sha512-YyFaikqM5sH0ziFZCN3xDC7zeGaB/d0IUb9CATugHWbd1FRFwWwt4ld4OYMPWu5a3Xe01mGAULCdqhMlPl29Jg=="
		},
		"node_modules/@protobufjs/eventemitter": {
			"version": "1.1.0",
			"resolved": "https://registry.npmjs.org/@protobufjs/eventemitter/-/eventemitter-1.1.0.tgz",
			"integrity": "sha1-NVy8mLr61ZePntCV85diHx0Ga3A="
		},
		"node_modules/@protobufjs/fetch": {
			"version": "1.1.0",
			"resolved": "https://registry.npmjs.org/@protobufjs/fetch/-/fetch-1.1.0.tgz",
			"integrity": "sha1-upn7WYYUr2VwDBYZ/wbUVLDYTEU=",
			"dependencies": {
				"@protobufjs/aspromise": "^1.1.1",
				"@protobufjs/inquire": "^1.1.0"
			}
		},
		"node_modules/@protobufjs/float": {
			"version": "1.0.2",
			"resolved": "https://registry.npmjs.org/@protobufjs/float/-/float-1.0.2.tgz",
			"integrity": "sha1-Xp4avctz/Ap8uLKR33jIy9l7h9E="
		},
		"node_modules/@protobufjs/inquire": {
			"version": "1.1.0",
			"resolved": "https://registry.npmjs.org/@protobufjs/inquire/-/inquire-1.1.0.tgz",
			"integrity": "sha1-/yAOPnzyQp4tyvwRQIKOjMY48Ik="
		},
		"node_modules/@protobufjs/path": {
			"version": "1.1.2",
			"resolved": "https://registry.npmjs.org/@protobufjs/path/-/path-1.1.2.tgz",
			"integrity": "sha1-bMKyDFya1q0NzP0hynZz2Nf79o0="
		},
		"node_modules/@protobufjs/pool": {
			"version": "1.1.0",
			"resolved": "https://registry.npmjs.org/@protobufjs/pool/-/pool-1.1.0.tgz",
			"integrity": "sha1-Cf0V8tbTq/qbZbw2ZQbWrXhG/1Q="
		},
		"node_modules/@protobufjs/utf8": {
			"version": "1.1.0",
			"resolved": "https://registry.npmjs.org/@protobufjs/utf8/-/utf8-1.1.0.tgz",
			"integrity": "sha1-p3c2C1s5oaLlEG+OhY8v0tBgxXA="
		},
		"node_modules/@types/long": {
			"version": "4.0.1",
			"resolved": "https://registry.npmjs.org/@types/long/-/long-4.0.1.tgz",
			"integrity": "sha512-5tXH6Bx/kNGd3MgffdmP4dy2Z+G4eaXw0SE81Tq3BNadtnMR5/ySMzX4SLEzHJzSmPNn4HIdpQsBvXMUykr58w=="
		},
		"node_modules/@types/node": {
			"version": "13.13.17",
			"resolved": "https://registry.npmjs.org/@types/node/-/node-13.13.17.tgz",
			"integrity": "sha512-rGZftvdDpsYtG/rOlDOwny1f6Aq4FHJdGSVfPg5vC2DaR9Rt4W2OpsOF5GTU2bSqZmwTkfnsvJhhzpMWYxxlEA=="
		},
		"node_modules/@vue/compiler-sfc": {
			"version": "2.7.14",
			"resolved": "https://registry.npmjs.org/@vue/compiler-sfc/-/compiler-sfc-2.7.14.tgz",
			"integrity": "sha512-aNmNHyLPsw+sVvlQFQ2/8sjNuLtK54TC6cuKnVzAY93ks4ZBrvwQSnkkIh7bsbNhum5hJBS00wSDipQ937f5DA==",
			"peer": true,
			"dependencies": {
				"@babel/parser": "^7.18.4",
				"postcss": "^8.4.14",
				"source-map": "^0.6.1"
			}
		},
		"node_modules/crypto-js": {
			"version": "3.1.9-1",
			"resolved": "https://registry.npmjs.org/crypto-js/-/crypto-js-3.1.9-1.tgz",
			"integrity": "sha1-/aGedh/Ad+Af+/3G6f38WeiAbNg=",
			"dev": true
		},
		"node_modules/csstype": {
			"version": "3.1.2",
			"resolved": "https://registry.npmjs.org/csstype/-/csstype-3.1.2.tgz",
			"integrity": "sha512-I7K1Uu0MBPzaFKg4nI5Q7Vs2t+3gWWW648spaF+Rg7pI9ds18Ugn+lvg4SHczUdKlHI5LWBXyqfS8+DufyBsgQ==",
			"peer": true
		},
		"node_modules/deepmerge": {
			"version": "4.2.2",
			"resolved": "https://registry.npmjs.org/deepmerge/-/deepmerge-4.2.2.tgz",
			"integrity": "sha512-FJ3UgI4gIl+PHZm53knsuSFpE+nESMr7M4v9QcgB7S63Kj/6WqMiFQJpBBYz1Pt+66bZpP3Q7Lye0Oo9MPKEdg==",
			"engines": {
				"node": ">=0.10.0"
			}
		},
		"node_modules/js-base64": {
			"version": "2.5.1",
			"resolved": "https://registry.npmjs.org/js-base64/-/js-base64-2.5.1.tgz",
			"integrity": "sha512-M7kLczedRMYX4L8Mdh4MzyAMM9O5osx+4FcOQuTvr3A9F2D9S5JXheN0ewNbrvK2UatkTRhL5ejGmGSjNMiZuw=="
		},
		"node_modules/js-md5": {
			"version": "0.7.3",
			"resolved": "https://registry.npmjs.org/js-md5/-/js-md5-0.7.3.tgz",
			"integrity": "sha512-ZC41vPSTLKGwIRjqDh8DfXoCrdQIyBgspJVPXHBGu4nZlAEvG3nf+jO9avM9RmLiGakg7vz974ms99nEV0tmTQ==",
			"dev": true
		},
		"node_modules/long": {
			"version": "4.0.0",
			"resolved": "https://registry.npmjs.org/long/-/long-4.0.0.tgz",
			"integrity": "sha512-XsP+KhQif4bjX1kbuSiySJFNAehNxgLb6hPRGJ9QsUr8ajHkuXGdrHmFUTUUXhDwVX2R5bY4JNZEwbUiMhV+MA=="
		},
		"node_modules/nanoid": {
			"version": "3.3.6",
			"resolved": "https://registry.npmjs.org/nanoid/-/nanoid-3.3.6.tgz",
			"integrity": "sha512-BGcqMMJuToF7i1rt+2PWSNVnWIkGCU78jBG3RxO/bZlnZPK2Cmi2QaffxGO/2RvWi9sL+FAiRiXMgsyxQ1DIDA==",
			"funding": [
				{
					"type": "github",
					"url": "https://github.com/sponsors/ai"
				}
			],
			"peer": true,
			"bin": {
				"nanoid": "bin/nanoid.cjs"
			},
			"engines": {
				"node": "^10 || ^12 || ^13.7 || ^14 || >=15.0.1"
			}
		},
		"node_modules/picocolors": {
			"version": "1.0.0",
			"resolved": "https://registry.npmjs.org/picocolors/-/picocolors-1.0.0.tgz",
			"integrity": "sha512-1fygroTLlHu66zi26VoTDv8yRgm0Fccecssto+MhsZ0D/DGW2sm8E8AjW7NU5VVTRt5GxbeZ5qBuJr+HyLYkjQ==",
			"peer": true
		},
		"node_modules/postcss": {
			"version": "8.4.24",
			"resolved": "https://registry.npmjs.org/postcss/-/postcss-8.4.24.tgz",
			"integrity": "sha512-M0RzbcI0sO/XJNucsGjvWU9ERWxb/ytp1w6dKtxTKgixdtQDq4rmx/g8W1hnaheq9jgwL/oyEdH5Bc4WwJKMqg==",
			"funding": [
				{
					"type": "opencollective",
					"url": "https://opencollective.com/postcss/"
				},
				{
					"type": "tidelift",
					"url": "https://tidelift.com/funding/github/npm/postcss"
				},
				{
					"type": "github",
					"url": "https://github.com/sponsors/ai"
				}
			],
			"peer": true,
			"dependencies": {
				"nanoid": "^3.3.6",
				"picocolors": "^1.0.0",
				"source-map-js": "^1.0.2"
			},
			"engines": {
				"node": "^10 || ^12 || >=14"
			}
		},
		"node_modules/protobufjs": {
			"version": "6.10.1",
			"resolved": "https://registry.npmjs.org/protobufjs/-/protobufjs-6.10.1.tgz",
			"integrity": "sha512-pb8kTchL+1Ceg4lFd5XUpK8PdWacbvV5SK2ULH2ebrYtl4GjJmS24m6CKME67jzV53tbJxHlnNOSqQHbTsR9JQ==",
			"hasInstallScript": true,
			"dependencies": {
				"@protobufjs/aspromise": "^1.1.2",
				"@protobufjs/base64": "^1.1.2",
				"@protobufjs/codegen": "^2.0.4",
				"@protobufjs/eventemitter": "^1.1.0",
				"@protobufjs/fetch": "^1.1.0",
				"@protobufjs/float": "^1.0.2",
				"@protobufjs/inquire": "^1.1.0",
				"@protobufjs/path": "^1.1.2",
				"@protobufjs/pool": "^1.1.0",
				"@protobufjs/utf8": "^1.1.0",
				"@types/long": "^4.0.1",
				"@types/node": "^13.7.0",
				"long": "^4.0.0"
			},
			"bin": {
				"pbjs": "bin/pbjs",
				"pbts": "bin/pbts"
			}
		},
		"node_modules/shvl": {
			"version": "2.0.0",
			"resolved": "https://registry.npmjs.org/shvl/-/shvl-2.0.0.tgz",
			"integrity": "sha512-WbpzSvI5XgVGJ3A4ySGe8hBxj0JgJktfnoLhhJmvITDdK21WPVWwgG8GPlYEh4xqdti3Ff7PJ5G0QrRAjNS0Ig==",
			"deprecated": "older versions vulnerable to prototype pollution"
		},
		"node_modules/source-map": {
			"version": "0.6.1",
			"resolved": "https://registry.npmjs.org/source-map/-/source-map-0.6.1.tgz",
			"integrity": "sha512-UjgapumWlbMhkBgzT7Ykc5YXUT46F0iKu8SGXq0bcwP5dz/h0Plj6enJqjz1Zbq2l5WaqYnrVbwWOWMyF3F47g==",
			"peer": true,
			"engines": {
				"node": ">=0.10.0"
			}
		},
		"node_modules/source-map-js": {
			"version": "1.0.2",
			"resolved": "https://registry.npmjs.org/source-map-js/-/source-map-js-1.0.2.tgz",
			"integrity": "sha512-R0XvVJ9WusLiqTCEiGCmICCMplcCkIwwR11mOSD9CR5u+IXYdiseeEuXCVAjS54zqwkLcPNnmU4OeJ6tUrWhDw==",
			"peer": true,
			"engines": {
				"node": ">=0.10.0"
			}
		},
		"node_modules/vue": {
			"version": "2.7.14",
			"resolved": "https://registry.npmjs.org/vue/-/vue-2.7.14.tgz",
			"integrity": "sha512-b2qkFyOM0kwqWFuQmgd4o+uHGU7T+2z3T+WQp8UBjADfEv2n4FEMffzBmCKNP0IGzOEEfYjvtcC62xaSKeQDrQ==",
			"peer": true,
			"dependencies": {
				"@vue/compiler-sfc": "2.7.14",
				"csstype": "^3.1.0"
			}
		},
		"node_modules/vuex": {
			"version": "3.6.2",
			"resolved": "https://registry.npmjs.org/vuex/-/vuex-3.6.2.tgz",
			"integrity": "sha512-ETW44IqCgBpVomy520DT5jf8n0zoCac+sxWnn+hMe/CzaSejb/eVw2YToiXYX+Ex/AuHHia28vWTq4goAexFbw==",
			"peer": true,
			"peerDependencies": {
				"vue": "^2.0.0"
			}
		},
		"node_modules/vuex-persistedstate": {
			"version": "2.7.0",
			"resolved": "https://registry.npmjs.org/vuex-persistedstate/-/vuex-persistedstate-2.7.0.tgz",
			"integrity": "sha512-mpko65DUMBY4mF4sSGsgrqjE7fwO373LFZeuNrC55glRuBBAK4dkgzjr4j4Bij7WtMoKuo2t2w0NGenjauISaQ==",
			"deprecated": "Package no longer supported. Contact Support at https://www.npmjs.com/support for more info.",
			"dependencies": {
				"deepmerge": "^4.2.2",
				"shvl": "^2.0.0"
			},
			"peerDependencies": {
				"vue": "^2.0.0",
				"vuex": "^2.0.0 || ^3.0.0"
			}
		}
	}
}
